<?xml version="1.0" encoding="utf-8"?>
<Project ToolsVersion="4.0" xmlns="http://schemas.microsoft.com/developer/msbuild/2003">
  <ItemGroup>
    <Filter Include="ソース ファイル">
      <UniqueIdentifier>{4FC737F1-C7A5-4376-A066-2A32D752A2FF}</UniqueIdentifier>
      <Extensions>cpp;c;cc;cxx;c++;cppm;ixx;def;odl;idl;hpj;bat;asm;asmx</Extensions>
    </Filter>
    <Filter Include="リソース ファイル">
      <UniqueIdentifier>{67DA6AB6-F800-4c08-8B7A-83BB121AAD01}</UniqueIdentifier>
      <Extensions>rc;ico;cur;bmp;dlg;rc2;rct;bin;rgs;gif;jpg;jpeg;jpe;resx;tiff;tif;png;wav;mfcribbon-ms</Extensions>
    </Filter>
    <Filter Include="シェーダファイル">
      <UniqueIdentifier>{5aac164c-5ac4-4cd0-9c0a-bc8d523c78cd}</UniqueIdentifier>
    </Filter>
    <Filter Include="Library">
      <UniqueIdentifier>{369cb095-a409-4415-a544-01580cccb368}</UniqueIdentifier>
    </Filter>
    <Filter Include="Application">
      <UniqueIdentifier>{72fdb08a-7e13-47f0-a041-76e316b50e5b}</UniqueIdentifier>
    </Filter>
    <Filter Include="Library\Input">
      <UniqueIdentifier>{a6871adf-5e3d-4076-bd08-8152fe4c4b02}</UniqueIdentifier>
    </Filter>
    <Filter Include="Library\Object3d">
      <UniqueIdentifier>{c34777e5-f894-4c52-bcae-002db36b53ff}</UniqueIdentifier>
    </Filter>
    <Filter Include="Library\Sprite">
      <UniqueIdentifier>{8225387f-af77-4bd4-9a8c-f839c50cc319}</UniqueIdentifier>
    </Filter>
    <Filter Include="Library\Audio">
      <UniqueIdentifier>{19fc9a34-105f-46d3-9fa2-90a4b912eda0}</UniqueIdentifier>
    </Filter>
    <Filter Include="Library\DirectXBase">
      <UniqueIdentifier>{a68cc0c7-31f3-4bfe-b767-a84f4b0e9c6b}</UniqueIdentifier>
    </Filter>
    <Filter Include="Application\Scene">
      <UniqueIdentifier>{df96d19a-c6e7-4c8d-91d9-70b608a0eb38}</UniqueIdentifier>
    </Filter>
    <Filter Include="Library\Model">
      <UniqueIdentifier>{5480a6d3-20a9-46ef-b4c0-86323d6b2f10}</UniqueIdentifier>
    </Filter>
    <Filter Include="Application\Utility">
      <UniqueIdentifier>{946c89b9-c8f2-4503-a4a8-26b7a7a49119}</UniqueIdentifier>
    </Filter>
    <Filter Include="Library\Camera">
      <UniqueIdentifier>{ff00d73d-9632-4d97-8051-ee608a3b3835}</UniqueIdentifier>
    </Filter>
    <Filter Include="Application\Scene\Temporary">
      <UniqueIdentifier>{52431df6-1b30-46b3-b2b5-87965b3e7927}</UniqueIdentifier>
    </Filter>
    <Filter Include="Application\Utility\Singleton">
      <UniqueIdentifier>{453b30c8-21b5-4eb0-9d4c-6c8206a38901}</UniqueIdentifier>
    </Filter>
    <Filter Include="Application\Scene\SceneManager">
      <UniqueIdentifier>{2b67e25c-f893-4c89-8b71-9148045dfabb}</UniqueIdentifier>
    </Filter>
    <Filter Include="Library\Pipeline">
      <UniqueIdentifier>{55c7ad60-f8a9-4c54-9a1c-947000b9344b}</UniqueIdentifier>
    </Filter>
    <Filter Include="Application\Scene\Demo">
      <UniqueIdentifier>{cbf95c0a-ea18-4fac-b66b-a3a63b0befd6}</UniqueIdentifier>
    </Filter>
    <Filter Include="Application\FpsManager">
      <UniqueIdentifier>{4ef5cec6-c04e-465b-b003-6d7e4d37a181}</UniqueIdentifier>
    </Filter>
    <Filter Include="Application\Collision">
      <UniqueIdentifier>{c55fab67-a444-449f-b1f6-306a173eb89b}</UniqueIdentifier>
    </Filter>
    <Filter Include="Application\Debug">
      <UniqueIdentifier>{b5e6fa8e-8adf-423d-9dfe-36988635f52e}</UniqueIdentifier>
    </Filter>
    <Filter Include="Application\Debug\ImGui">
      <UniqueIdentifier>{aa5ddb75-53a3-4688-b68f-31386ade2c9a}</UniqueIdentifier>
    </Filter>
    <Filter Include="Application\Debug\ImGui\Include">
      <UniqueIdentifier>{a90f967d-a211-4a32-9830-e8397009090b}</UniqueIdentifier>
    </Filter>
    <Filter Include="Library\NacamLib">
      <UniqueIdentifier>{ef9a38c7-6ffb-464f-a430-373a89ee910b}</UniqueIdentifier>
    </Filter>
    <Filter Include="Library\PostEffect">
      <UniqueIdentifier>{9f2e0b44-abdf-495e-94df-0fb88ffccbfe}</UniqueIdentifier>
    </Filter>
    <Filter Include="Application\Particle">
      <UniqueIdentifier>{d47cdcb2-8fd6-450b-abb0-52855d6b2520}</UniqueIdentifier>
    </Filter>
    <Filter Include="Library\DrawProc">
      <UniqueIdentifier>{da5d3ac7-42e0-4ee9-974a-f1245c2c5c07}</UniqueIdentifier>
    </Filter>
    <Filter Include="Library\Win32App">
      <UniqueIdentifier>{0968b96d-de9b-4276-be81-af931f62bf12}</UniqueIdentifier>
    </Filter>
    <Filter Include="Application\Scene\Main">
      <UniqueIdentifier>{dcf0753d-9b0d-41d1-98e8-d016a7613bf2}</UniqueIdentifier>
    </Filter>
    <Filter Include="Library\PreDraw">
      <UniqueIdentifier>{00bf2e44-7a2d-4076-bab0-71dea2f1d5a7}</UniqueIdentifier>
    </Filter>
    <Filter Include="Library\Fbx">
      <UniqueIdentifier>{ae9ef1cb-19b5-44e1-89b3-3ef065680ff9}</UniqueIdentifier>
    </Filter>
    <Filter Include="Library\Line">
      <UniqueIdentifier>{55c53cf7-dc7f-4ee9-b263-52b6dc741d61}</UniqueIdentifier>
    </Filter>
    <Filter Include="Library\IndirectObject3d">
      <UniqueIdentifier>{d59393d3-16f5-40cb-bfe8-fde2e3bb84c6}</UniqueIdentifier>
    </Filter>
    <Filter Include="Application\Unique">
      <UniqueIdentifier>{145e02b9-18e3-450a-959a-9c432dde636f}</UniqueIdentifier>
    </Filter>
    <Filter Include="Application\Unique\Missile">
      <UniqueIdentifier>{7143d688-6709-45c4-835f-83eb08d8487a}</UniqueIdentifier>
    </Filter>
    <Filter Include="Application\Scene\Title">
      <UniqueIdentifier>{1c7a64bd-2284-4273-b46a-15e3ee729b19}</UniqueIdentifier>
    </Filter>
    <Filter Include="Application\Scene\Result">
      <UniqueIdentifier>{53b017de-637f-413a-a355-20fc07d32e5d}</UniqueIdentifier>
    </Filter>
    <Filter Include="Application\Unique\Enemy">
      <UniqueIdentifier>{0a196a83-e0e5-49e6-8eba-ba7eec34cb45}</UniqueIdentifier>
    </Filter>
    <Filter Include="Application\Number">
      <UniqueIdentifier>{fe85f7ac-bb8a-4063-9fbb-bb4ff9b59558}</UniqueIdentifier>
    </Filter>
    <Filter Include="Application\NacamMath">
      <UniqueIdentifier>{cb7ad0a6-a25c-4946-88c8-c2c944f7dc1b}</UniqueIdentifier>
    </Filter>
    <Filter Include="Application\NacamMath\Easing">
      <UniqueIdentifier>{951cf166-1a19-4d53-a518-5228e252c0be}</UniqueIdentifier>
    </Filter>
    <Filter Include="Application\Scene\Demo\ExecuteIndirectDemo">
      <UniqueIdentifier>{0d11723b-fab3-488c-a8b9-6482732831eb}</UniqueIdentifier>
    </Filter>
    <Filter Include="Application\Scene\Demo\FrictionDemo">
      <UniqueIdentifier>{e33af627-efae-435d-9531-24561d24bfc0}</UniqueIdentifier>
    </Filter>
    <Filter Include="Application\Scene\Demo\GravityDemo">
      <UniqueIdentifier>{6235a44a-852b-4b10-9cb2-6c4e45271e1d}</UniqueIdentifier>
    </Filter>
    <Filter Include="Application\Scene\Demo\MathDemo">
      <UniqueIdentifier>{ca6caf7b-91cf-4840-9711-c7b2bc3def2a}</UniqueIdentifier>
    </Filter>
    <Filter Include="Application\Scene\Demo\ParticleDemo">
      <UniqueIdentifier>{e60ada7b-fff6-46be-843c-7cb54d0a65de}</UniqueIdentifier>
    </Filter>
    <Filter Include="Application\Scene\Demo\PostEffectDemo">
      <UniqueIdentifier>{2e87c18e-e2c8-4a9a-9e20-0cccb93600e3}</UniqueIdentifier>
    </Filter>
    <Filter Include="Application\Scene\Demo\RepulsionDemo">
      <UniqueIdentifier>{6ca2f6cb-fe99-4d57-a672-430c3379513d}</UniqueIdentifier>
    </Filter>
    <Filter Include="Application\Unique\LockOnSystem">
      <UniqueIdentifier>{05d84303-fd12-4b3d-8cde-2768a48db8d8}</UniqueIdentifier>
    </Filter>
    <Filter Include="Application\Unique\Player">
      <UniqueIdentifier>{d43ed821-5acb-44f9-b1b2-5c1366dcebae}</UniqueIdentifier>
    </Filter>
    <Filter Include="Application\Unique\WaveManager">
      <UniqueIdentifier>{fd3a06a5-04ee-4725-9ee2-3dbdffed6dbb}</UniqueIdentifier>
    </Filter>
    <Filter Include="Application\GridRender">
      <UniqueIdentifier>{533267ff-1973-42d4-8ead-fdfb2b77d299}</UniqueIdentifier>
    </Filter>
    <Filter Include="Library\NacamError">
      <UniqueIdentifier>{c354f98d-2b30-4473-a995-82af6a19c808}</UniqueIdentifier>
    </Filter>
    <Filter Include="Application\Unique\Reticle">
      <UniqueIdentifier>{35b2469b-5bad-44bc-9091-67fbb9b8581c}</UniqueIdentifier>
    </Filter>
    <Filter Include="Application\Debug\ImGui\NcmImGui">
      <UniqueIdentifier>{b509433a-f11a-4bf4-b60b-f303f38b54ed}</UniqueIdentifier>
    </Filter>
    <Filter Include="Application\Unique\Bullet">
      <UniqueIdentifier>{1ed62876-5c0c-4d66-8753-a83287fc0c47}</UniqueIdentifier>
    </Filter>
    <Filter Include="Application\Unique\AbstractUniqueObj">
      <UniqueIdentifier>{b1dcbbc8-dd63-4c23-93b1-b5683ca0dbca}</UniqueIdentifier>
    </Filter>
    <Filter Include="Application\Scene\AbsScene">
      <UniqueIdentifier>{8ed16d1a-200c-4fe6-bd52-1c39aafa6687}</UniqueIdentifier>
    </Filter>
    <Filter Include="Application\UI">
      <UniqueIdentifier>{04c28156-58fa-41fa-bb79-046763cf8775}</UniqueIdentifier>
    </Filter>
    <Filter Include="Application\Unique\UltimateManager">
      <UniqueIdentifier>{5d34942f-6775-45cc-9426-50d7e9261d7c}</UniqueIdentifier>
    </Filter>
    <Filter Include="Application\Debug\NcmDebug">
      <UniqueIdentifier>{67ee7b5e-9efb-4f0c-91d4-aee989315f32}</UniqueIdentifier>
    </Filter>
    <Filter Include="Library\Point">
      <UniqueIdentifier>{aab71361-fd97-412f-96b7-b15187a550c9}</UniqueIdentifier>
    </Filter>
    <Filter Include="Library\PlatePoly">
      <UniqueIdentifier>{18b28dbf-63e4-48f2-b4f5-8239ae3afc19}</UniqueIdentifier>
    </Filter>
    <Filter Include="Library\Loader">
      <UniqueIdentifier>{fc615cd1-a00f-4f33-bcd3-31dc349019b4}</UniqueIdentifier>
    </Filter>
    <Filter Include="Application\LevelDataManager">
      <UniqueIdentifier>{02771ec3-9871-49a0-8224-63215fbc97f0}</UniqueIdentifier>
    </Filter>
  </ItemGroup>
  <ItemGroup>
    <ClCompile Include="imgui\imgui.cpp">
      <Filter>Application\Debug\ImGui\Include</Filter>
    </ClCompile>
    <ClCompile Include="imgui\imgui_demo.cpp">
      <Filter>Application\Debug\ImGui\Include</Filter>
    </ClCompile>
    <ClCompile Include="imgui\imgui_draw.cpp">
      <Filter>Application\Debug\ImGui\Include</Filter>
    </ClCompile>
    <ClCompile Include="imgui\backends\imgui_impl_dx12.cpp">
      <Filter>Application\Debug\ImGui\Include</Filter>
    </ClCompile>
    <ClCompile Include="imgui\backends\imgui_impl_win32.cpp">
      <Filter>Application\Debug\ImGui\Include</Filter>
    </ClCompile>
    <ClCompile Include="imgui\imgui_tables.cpp">
      <Filter>Application\Debug\ImGui\Include</Filter>
    </ClCompile>
    <ClCompile Include="imgui\imgui_widgets.cpp">
      <Filter>Application\Debug\ImGui\Include</Filter>
    </ClCompile>
    <ClCompile Include="Sources\App\Collision\Collision.cpp">
      <Filter>Application\Collision</Filter>
    </ClCompile>
    <ClCompile Include="Sources\App\Collision\CollisionPrimitive.cpp">
      <Filter>Application\Collision</Filter>
    </ClCompile>
    <ClCompile Include="Sources\App\Debug\NcmImGui.cpp">
      <Filter>Application\Debug\ImGui\NcmImGui</Filter>
    </ClCompile>
    <ClCompile Include="Sources\App\FpsManager\FPSManager.cpp">
      <Filter>Application\FpsManager</Filter>
    </ClCompile>
    <ClCompile Include="Sources\App\Number\Numbers.cpp">
      <Filter>Application\Number</Filter>
    </ClCompile>
    <ClCompile Include="Sources\App\Particle\Emitter.cpp">
      <Filter>Application\Particle</Filter>
    </ClCompile>
    <ClCompile Include="Sources\App\Particle\EmittersList.cpp">
      <Filter>Application\Particle</Filter>
    </ClCompile>
    <ClCompile Include="Sources\App\Particle\Particle.cpp">
      <Filter>Application\Particle</Filter>
    </ClCompile>
    <ClCompile Include="Sources\App\Scene\Demo\DemoScene.cpp">
      <Filter>Application\Scene\Demo</Filter>
    </ClCompile>
    <ClCompile Include="Sources\App\Scene\Demo\ExecuteIndirectDemoScene.cpp">
      <Filter>Application\Scene\Demo\ExecuteIndirectDemo</Filter>
    </ClCompile>
    <ClCompile Include="Sources\App\Scene\Demo\FrictionDemoScene.cpp">
      <Filter>Application\Scene\Demo\FrictionDemo</Filter>
    </ClCompile>
    <ClCompile Include="Sources\App\Scene\Demo\GravityDemoScene.cpp">
      <Filter>Application\Scene\Demo\GravityDemo</Filter>
    </ClCompile>
    <ClCompile Include="Sources\App\Scene\Demo\MathDemoScene.cpp">
      <Filter>Application\Scene\Demo\MathDemo</Filter>
    </ClCompile>
    <ClCompile Include="Sources\App\Scene\Demo\ParticleDemoScene.cpp">
      <Filter>Application\Scene\Demo\ParticleDemo</Filter>
    </ClCompile>
    <ClCompile Include="Sources\App\Scene\Demo\PostEffectDemoScene.cpp">
      <Filter>Application\Scene\Demo\PostEffectDemo</Filter>
    </ClCompile>
    <ClCompile Include="Sources\App\Scene\Demo\RepulsionDemoScene.cpp">
      <Filter>Application\Scene\Demo\RepulsionDemo</Filter>
    </ClCompile>
    <ClCompile Include="Sources\App\Scene\MainScene.cpp">
      <Filter>Application\Scene\Main</Filter>
    </ClCompile>
    <ClCompile Include="Sources\App\Scene\ResultScene.cpp">
      <Filter>Application\Scene\Result</Filter>
    </ClCompile>
    <ClCompile Include="Sources\App\Scene\SceneManager\SceneManager.cpp">
      <Filter>Application\Scene\SceneManager</Filter>
    </ClCompile>
    <ClCompile Include="Sources\App\Scene\TemporaryScene.cpp">
      <Filter>Application\Scene\Temporary</Filter>
    </ClCompile>
    <ClCompile Include="Sources\App\Scene\TitleScene.cpp">
      <Filter>Application\Scene\Title</Filter>
    </ClCompile>
    <ClCompile Include="Sources\App\Unique\Enemy\EnemiesList.cpp">
      <Filter>Application\Unique\Enemy</Filter>
    </ClCompile>
    <ClCompile Include="Sources\App\Unique\Enemy\Enemy.cpp">
      <Filter>Application\Unique\Enemy</Filter>
    </ClCompile>
    <ClCompile Include="Sources\App\Unique\Missile\Missile.cpp">
      <Filter>Application\Unique\Missile</Filter>
    </ClCompile>
    <ClCompile Include="Sources\App\Unique\Missile\MissileManager.cpp">
      <Filter>Application\Unique\Missile</Filter>
    </ClCompile>
    <ClCompile Include="Sources\App\Unique\Player\Player.cpp">
      <Filter>Application\Unique\Player</Filter>
    </ClCompile>
    <ClCompile Include="Sources\App\Unique\WaveManager\WaveManager.cpp">
      <Filter>Application\Unique\WaveManager</Filter>
    </ClCompile>
    <ClCompile Include="Sources\App\Utility\NcmUtil.cpp">
      <Filter>Application\Utility</Filter>
    </ClCompile>
    <ClCompile Include="Sources\Lib\Audio\AudioManager.cpp">
      <Filter>Library\Audio</Filter>
    </ClCompile>
    <ClCompile Include="Sources\Lib\Camera\Camera.cpp">
      <Filter>Library\Camera</Filter>
    </ClCompile>
    <ClCompile Include="Sources\Lib\DirectXBase\DirectXBase.cpp">
      <Filter>Library\DirectXBase</Filter>
    </ClCompile>
    <ClCompile Include="Sources\Lib\DrawProc\DrawProc.cpp">
      <Filter>Library\DrawProc</Filter>
    </ClCompile>
    <ClCompile Include="Sources\Lib\Fbx\FbxLoader.cpp">
      <Filter>Library\Fbx</Filter>
    </ClCompile>
    <ClCompile Include="Sources\Lib\Fbx\FbxModel.cpp">
      <Filter>Library\Fbx</Filter>
    </ClCompile>
    <ClCompile Include="Sources\Lib\Fbx\FbxObject3d.cpp">
      <Filter>Library\Fbx</Filter>
    </ClCompile>
    <ClCompile Include="Sources\App\Grid\GridRender.cpp">
      <Filter>Application\GridRender</Filter>
    </ClCompile>
    <ClCompile Include="Sources\Lib\IndirectObject3d\IndirectObject3d.cpp">
      <Filter>Library\IndirectObject3d</Filter>
    </ClCompile>
    <ClCompile Include="Sources\Lib\Input\ControllerInput.cpp">
      <Filter>Library\Input</Filter>
    </ClCompile>
    <ClCompile Include="Sources\Lib\Input\InputManager.cpp">
      <Filter>Library\Input</Filter>
    </ClCompile>
    <ClCompile Include="Sources\Lib\Input\KeyboardInput.cpp">
      <Filter>Library\Input</Filter>
    </ClCompile>
    <ClCompile Include="Sources\Lib\Line\Line.cpp">
      <Filter>Library\Line</Filter>
    </ClCompile>
    <ClCompile Include="Sources\Lib\Model\Model.cpp">
      <Filter>Library\Model</Filter>
    </ClCompile>
    <ClCompile Include="Sources\Lib\NacamLib\NacamLib.cpp">
      <Filter>Library\NacamLib</Filter>
    </ClCompile>
    <ClCompile Include="Sources\Lib\Object3d\Object3d.cpp">
      <Filter>Library\Object3d</Filter>
    </ClCompile>
    <ClCompile Include="Sources\Lib\Pipeline\PipelineManager.cpp">
      <Filter>Library\Pipeline</Filter>
    </ClCompile>
    <ClCompile Include="Sources\Lib\PostEffect\PostEffect.cpp">
      <Filter>Library\PostEffect</Filter>
    </ClCompile>
    <ClCompile Include="Sources\Lib\PreDraw\PreDraw.cpp">
      <Filter>Library\PreDraw</Filter>
    </ClCompile>
    <ClCompile Include="Sources\Lib\Sprite\NcmSprite.cpp">
      <Filter>Library\Sprite</Filter>
    </ClCompile>
    <ClCompile Include="Sources\Lib\Win32App\Win32App.cpp">
      <Filter>Library\Win32App</Filter>
    </ClCompile>
    <ClCompile Include="Sources\App\Unique\Reticle\Reticle.cpp">
      <Filter>Application\Unique\Reticle</Filter>
    </ClCompile>
    <ClCompile Include="Sources\App\Unique\LockOnSystem\LockOnSystem.cpp">
      <Filter>Application\Unique\LockOnSystem</Filter>
    </ClCompile>
    <ClCompile Include="Sources\App\Unique\Bullet\Bullet.cpp">
      <Filter>Application\Unique\Bullet</Filter>
    </ClCompile>
    <ClCompile Include="Sources\App\Unique\Abs\AbsUniqueObj.cpp">
      <Filter>Application\Unique\AbstractUniqueObj</Filter>
    </ClCompile>
    <ClCompile Include="Sources\App\Unique\Bullet\BulletList.cpp">
      <Filter>Application\Unique\Bullet</Filter>
    </ClCompile>
    <ClCompile Include="Sources\App\Unique\Ultimate\UltimateManager.cpp">
      <Filter>Application\Unique\UltimateManager</Filter>
    </ClCompile>
    <ClCompile Include="Sources\App\Debug\NcmDebug.cpp">
      <Filter>Application\Debug\NcmDebug</Filter>
    </ClCompile>
    <ClCompile Include="Sources\Lib\Point\Point.cpp">
      <Filter>Library\Point</Filter>
    </ClCompile>
    <ClCompile Include="Sources\Lib\PlatePoly\PlatePoly.cpp">
      <Filter>Library\PlatePoly</Filter>
    </ClCompile>
    <ClCompile Include="Sources\App\Ui\NcmUi.cpp">
      <Filter>Application\UI</Filter>
    </ClCompile>
    <ClCompile Include="Sources\App\Math\Easing\NcmEasing.cpp">
      <Filter>Application\NacamMath\Easing</Filter>
    </ClCompile>
    <ClCompile Include="Sources\App\main.cpp">
      <Filter>ソース ファイル</Filter>
    </ClCompile>
    <ClCompile Include="Sources\App\Unique\Missile\MissileLauncher.cpp">
      <Filter>Application\Unique\Missile</Filter>
    </ClCompile>
    <ClCompile Include="Sources\Lib\Input\NcmInput.cpp">
      <Filter>Library\Input</Filter>
    </ClCompile>
    <ClCompile Include="Sources\Lib\Loader\JsonLoader.cpp">
      <Filter>Library\Loader</Filter>
    </ClCompile>
    <ClCompile Include="Sources\Lib\PlatePoly\NcmPlatePoly.cpp">
      <Filter>ソース ファイル</Filter>
    </ClCompile>
    <ClCompile Include="Sources\App\Level\LevelDataManager.cpp">
      <Filter>Application\LevelDataManager</Filter>
    </ClCompile>
  </ItemGroup>
  <ItemGroup>
    <ClInclude Include="imgui\imconfig.h">
      <Filter>Application\Debug\ImGui\Include</Filter>
    </ClInclude>
    <ClInclude Include="imgui\imgui.h">
      <Filter>Application\Debug\ImGui\Include</Filter>
    </ClInclude>
    <ClInclude Include="imgui\backends\imgui_impl_dx12.h">
      <Filter>Application\Debug\ImGui\Include</Filter>
    </ClInclude>
    <ClInclude Include="imgui\backends\imgui_impl_win32.h">
      <Filter>Application\Debug\ImGui\Include</Filter>
    </ClInclude>
    <ClInclude Include="imgui\imgui_internal.h">
      <Filter>Application\Debug\ImGui\Include</Filter>
    </ClInclude>
    <ClInclude Include="imgui\imstb_rectpack.h">
      <Filter>Application\Debug\ImGui\Include</Filter>
    </ClInclude>
    <ClInclude Include="imgui\imstb_textedit.h">
      <Filter>Application\Debug\ImGui\Include</Filter>
    </ClInclude>
    <ClInclude Include="imgui\imstb_truetype.h">
      <Filter>Application\Debug\ImGui\Include</Filter>
    </ClInclude>
    <ClInclude Include="Sources\App\Collision\Collision.h">
      <Filter>Application\Collision</Filter>
    </ClInclude>
    <ClInclude Include="Sources\App\Collision\CollisionPrimitive.h">
      <Filter>Application\Collision</Filter>
    </ClInclude>
    <ClInclude Include="Sources\App\Debug\NcmImGui.h">
      <Filter>Application\Debug\ImGui\NcmImGui</Filter>
    </ClInclude>
    <ClInclude Include="Sources\App\FpsManager\FPSManager.h">
      <Filter>Application\FpsManager</Filter>
    </ClInclude>
    <ClInclude Include="Sources\App\Number\Numbers.h">
      <Filter>Application\Number</Filter>
    </ClInclude>
    <ClInclude Include="Sources\App\Particle\Emitter.h">
      <Filter>Application\Particle</Filter>
    </ClInclude>
    <ClInclude Include="Sources\App\Particle\EmittersList.h">
      <Filter>Application\Particle</Filter>
    </ClInclude>
    <ClInclude Include="Sources\App\Particle\Particle.h">
      <Filter>Application\Particle</Filter>
    </ClInclude>
    <ClInclude Include="Sources\App\Scene\AbsScene.h">
      <Filter>Application\Scene\AbsScene</Filter>
    </ClInclude>
    <ClInclude Include="Sources\App\Scene\Demo\DemoScene.h">
      <Filter>Application\Scene\Demo</Filter>
    </ClInclude>
    <ClInclude Include="Sources\App\Scene\Demo\ExecuteIndirectDemoScene.h">
      <Filter>Application\Scene\Demo\ExecuteIndirectDemo</Filter>
    </ClInclude>
    <ClInclude Include="Sources\App\Scene\Demo\FrictionDemoScene.h">
      <Filter>Application\Scene\Demo\FrictionDemo</Filter>
    </ClInclude>
    <ClInclude Include="Sources\App\Scene\Demo\GravityDemoScene.h">
      <Filter>Application\Scene\Demo\GravityDemo</Filter>
    </ClInclude>
    <ClInclude Include="Sources\App\Scene\Demo\MathDemoScene.h">
      <Filter>Application\Scene\Demo\MathDemo</Filter>
    </ClInclude>
    <ClInclude Include="Sources\App\Scene\Demo\ParticleDemoScene.h">
      <Filter>Application\Scene\Demo\ParticleDemo</Filter>
    </ClInclude>
    <ClInclude Include="Sources\App\Scene\Demo\PostEffectDemoScene.h">
      <Filter>Application\Scene\Demo\PostEffectDemo</Filter>
    </ClInclude>
    <ClInclude Include="Sources\App\Scene\Demo\RepulsionDemoScene.h">
      <Filter>Application\Scene\Demo\RepulsionDemo</Filter>
    </ClInclude>
    <ClInclude Include="Sources\App\Scene\MainScene.h">
      <Filter>Application\Scene\Main</Filter>
    </ClInclude>
    <ClInclude Include="Sources\App\Scene\ResultScene.h">
      <Filter>Application\Scene\Result</Filter>
    </ClInclude>
    <ClInclude Include="Sources\App\Scene\SceneManager\SceneManager.h">
      <Filter>Application\Scene\SceneManager</Filter>
    </ClInclude>
    <ClInclude Include="Sources\App\Scene\TemporaryScene.h">
      <Filter>Application\Scene\Temporary</Filter>
    </ClInclude>
    <ClInclude Include="Sources\App\Scene\TitleScene.h">
      <Filter>Application\Scene\Title</Filter>
    </ClInclude>
    <ClInclude Include="Sources\App\Unique\Enemy\EnemiesList.h">
      <Filter>Application\Unique\Enemy</Filter>
    </ClInclude>
    <ClInclude Include="Sources\App\Unique\Enemy\Enemy.h">
      <Filter>Application\Unique\Enemy</Filter>
    </ClInclude>
    <ClInclude Include="Sources\App\Unique\Missile\Missile.h">
      <Filter>Application\Unique\Missile</Filter>
    </ClInclude>
    <ClInclude Include="Sources\App\Unique\Missile\MissileManager.h">
      <Filter>Application\Unique\Missile</Filter>
    </ClInclude>
    <ClInclude Include="Sources\App\Unique\Player\Player.h">
      <Filter>Application\Unique\Player</Filter>
    </ClInclude>
    <ClInclude Include="Sources\App\Unique\WaveManager\WaveManager.h">
      <Filter>Application\Unique\WaveManager</Filter>
    </ClInclude>
    <ClInclude Include="Sources\App\Singleton\Singleton.h">
      <Filter>Application\Utility\Singleton</Filter>
    </ClInclude>
    <ClInclude Include="Sources\App\Utility\NcmUtil.h">
      <Filter>Application\Utility</Filter>
    </ClInclude>
    <ClInclude Include="Sources\Lib\Audio\AudioManager.h">
      <Filter>Library\Audio</Filter>
    </ClInclude>
    <ClInclude Include="Sources\Lib\Camera\Camera.h">
      <Filter>Library\Camera</Filter>
    </ClInclude>
    <ClInclude Include="Sources\Lib\DirectXBase\DirectXBase.h">
      <Filter>Library\DirectXBase</Filter>
    </ClInclude>
    <ClInclude Include="Sources\Lib\DrawProc\DrawProc.h">
      <Filter>Library\DrawProc</Filter>
    </ClInclude>
    <ClInclude Include="Sources\Lib\Fbx\FbxLoader.h">
      <Filter>Library\Fbx</Filter>
    </ClInclude>
    <ClInclude Include="Sources\Lib\Fbx\FbxModel.h">
      <Filter>Library\Fbx</Filter>
    </ClInclude>
    <ClInclude Include="Sources\Lib\Fbx\FbxObject3d.h">
      <Filter>Library\Fbx</Filter>
    </ClInclude>
    <ClInclude Include="Sources\App\Grid\GridRender.h">
      <Filter>Application\GridRender</Filter>
    </ClInclude>
    <ClInclude Include="Sources\Lib\IndirectObject3d\IndirectObject3d.h">
      <Filter>Library\IndirectObject3d</Filter>
    </ClInclude>
    <ClInclude Include="Sources\Lib\Input\ControllerInput.h">
      <Filter>Library\Input</Filter>
    </ClInclude>
    <ClInclude Include="Sources\Lib\Input\InputManager.h">
      <Filter>Library\Input</Filter>
    </ClInclude>
    <ClInclude Include="Sources\Lib\Input\KeyboardInput.h">
      <Filter>Library\Input</Filter>
    </ClInclude>
    <ClInclude Include="Sources\Lib\Line\Line.h">
      <Filter>Library\Line</Filter>
    </ClInclude>
    <ClInclude Include="Sources\Lib\Model\Model.h">
      <Filter>Library\Model</Filter>
    </ClInclude>
    <ClInclude Include="Sources\Lib\NacamLib\NacamLib.h">
      <Filter>Library\NacamLib</Filter>
    </ClInclude>
    <ClInclude Include="Sources\Lib\Object3d\Object3d.h">
      <Filter>Library\Object3d</Filter>
    </ClInclude>
    <ClInclude Include="Sources\Lib\Pipeline\PipelineManager.h">
      <Filter>Library\Pipeline</Filter>
    </ClInclude>
    <ClInclude Include="Sources\Lib\PostEffect\PostEffect.h">
      <Filter>Library\PostEffect</Filter>
    </ClInclude>
    <ClInclude Include="Sources\Lib\PreDraw\PreDraw.h">
      <Filter>Library\PreDraw</Filter>
    </ClInclude>
    <ClInclude Include="Sources\Lib\Sprite\NcmSprite.h">
      <Filter>Library\Sprite</Filter>
    </ClInclude>
    <ClInclude Include="Sources\Lib\Win32App\Win32App.h">
      <Filter>Library\Win32App</Filter>
    </ClInclude>
    <ClInclude Include="Sources\App\Unique\Reticle\Reticle.h">
      <Filter>Application\Unique\Reticle</Filter>
    </ClInclude>
    <ClInclude Include="Sources\App\Unique\LockOnSystem\LockOnSystem.h">
      <Filter>Application\Unique\LockOnSystem</Filter>
    </ClInclude>
    <ClInclude Include="Sources\resource.h">
      <Filter>ソース ファイル</Filter>
    </ClInclude>
    <ClInclude Include="Sources\App\Unique\Bullet\Bullet.h">
      <Filter>Application\Unique\Bullet</Filter>
    </ClInclude>
    <ClInclude Include="Sources\App\Unique\Abs\AbsUniqueObj.h">
      <Filter>Application\Unique\AbstractUniqueObj</Filter>
    </ClInclude>
    <ClInclude Include="Sources\App\Unique\Bullet\BulletList.h">
      <Filter>Application\Unique\Bullet</Filter>
    </ClInclude>
    <ClInclude Include="Sources\Lib\NacamError\NacamError.h">
      <Filter>Library\NacamError</Filter>
    </ClInclude>
    <ClInclude Include="Sources\App\Unique\Ultimate\UltimateManager.h">
      <Filter>Application\Unique\UltimateManager</Filter>
    </ClInclude>
    <ClInclude Include="Sources\App\Debug\NcmDebug.h">
      <Filter>Application\Debug\NcmDebug</Filter>
    </ClInclude>
    <ClInclude Include="Sources\Lib\Point\Point.h">
      <Filter>Library\Point</Filter>
    </ClInclude>
    <ClInclude Include="Sources\Lib\PlatePoly\PlatePoly.h">
      <Filter>Library\PlatePoly</Filter>
    </ClInclude>
    <ClInclude Include="Sources\App\Ui\NcmUi.h">
      <Filter>Application\UI</Filter>
    </ClInclude>
    <ClInclude Include="Sources\App\Math\NcmMath.h">
      <Filter>Application\NacamMath</Filter>
    </ClInclude>
    <ClInclude Include="Sources\App\Math\Easing\NcmEasing.h">
      <Filter>Application\NacamMath\Easing</Filter>
    </ClInclude>
    <ClInclude Include="Sources\App\Unique\Missile\IMissileState.h">
      <Filter>Application\Unique\Missile</Filter>
    </ClInclude>
    <ClInclude Include="Sources\App\Unique\Missile\MissileStateUltimate.h">
      <Filter>Application\Unique\Missile</Filter>
    </ClInclude>
    <ClInclude Include="Sources\App\Unique\Missile\MissileStateCharge.h">
      <Filter>Application\Unique\Missile</Filter>
    </ClInclude>
    <ClInclude Include="Sources\App\Unique\Missile\MissileLauncher.h">
      <Filter>Application\Unique\Missile</Filter>
    </ClInclude>
    <ClInclude Include="Sources\App\Unique\Missile\MissileStateMulti.h">
      <Filter>Application\Unique\Missile</Filter>
    </ClInclude>
    <ClInclude Include="Sources\Lib\Input\NcmInput.h">
      <Filter>Library\Input</Filter>
    </ClInclude>
    <ClInclude Include="Sources\Lib\Loader\JsonLoader.h">
      <Filter>Library\Loader</Filter>
    </ClInclude>
    <ClInclude Include="Sources\Lib\PlatePoly\NcmPlatePoly.h" />
    <ClInclude Include="Sources\App\Level\LevelDataManager.h">
      <Filter>Application\LevelDataManager</Filter>
    </ClInclude>
  </ItemGroup>
  <ItemGroup>
    <None Include="Resources\Shaders\Basic.hlsli">
      <Filter>シェーダファイル</Filter>
    </None>
    <None Include="Resources\Shaders\Sprite.hlsli">
      <Filter>シェーダファイル</Filter>
    </None>
    <None Include="Resources\Shaders\FBX.hlsli">
      <Filter>シェーダファイル</Filter>
    </None>
    <None Include="Resources\Shaders\Primitive.hlsli">
      <Filter>シェーダファイル</Filter>
    </None>
    <None Include="Resources\Shaders\PostEffect.hlsli">
      <Filter>シェーダファイル</Filter>
    </None>
    <None Include="Resources\Shaders\Indirect.hlsli">
      <Filter>シェーダファイル</Filter>
    </None>
    <None Include="Resources\Shaders\Line.hlsli">
      <Filter>シェーダファイル</Filter>
    </None>
    <None Include="Resources\Shaders\PlatePoly.hlsli">
      <Filter>シェーダファイル</Filter>
    </None>
    <None Include="Resources\Shaders\Point.hlsli">
      <Filter>シェーダファイル</Filter>
    </None>
  </ItemGroup>
  <ItemGroup>
    <FxCompile Include="Resources\Shaders\BasicPS.hlsl">
      <Filter>シェーダファイル</Filter>
    </FxCompile>
    <FxCompile Include="Resources\Shaders\BasicVS.hlsl">
      <Filter>シェーダファイル</Filter>
    </FxCompile>
    <FxCompile Include="Resources\Shaders\SpritePS.hlsl">
      <Filter>シェーダファイル</Filter>
    </FxCompile>
    <FxCompile Include="Resources\Shaders\SpriteVS.hlsl">
      <Filter>シェーダファイル</Filter>
    </FxCompile>
    <FxCompile Include="Resources\Shaders\FBXVS.hlsl">
      <Filter>シェーダファイル</Filter>
    </FxCompile>
    <FxCompile Include="Resources\Shaders\FBXPS.hlsl">
      <Filter>シェーダファイル</Filter>
    </FxCompile>
    <FxCompile Include="Resources\Shaders\PrimitivePS.hlsl">
      <Filter>シェーダファイル</Filter>
    </FxCompile>
    <FxCompile Include="Resources\Shaders\PrimitiveVS.hlsl">
      <Filter>シェーダファイル</Filter>
    </FxCompile>
    <FxCompile Include="Resources\Shaders\PostEffectPS.hlsl">
      <Filter>シェーダファイル</Filter>
    </FxCompile>
    <FxCompile Include="Resources\Shaders\PostEffectVS.hlsl">
      <Filter>シェーダファイル</Filter>
    </FxCompile>
    <FxCompile Include="Resources\Shaders\BlurVS.hlsl">
      <Filter>シェーダファイル</Filter>
    </FxCompile>
    <FxCompile Include="Resources\Shaders\BlurPS.hlsl">
      <Filter>シェーダファイル</Filter>
    </FxCompile>
    <FxCompile Include="Resources\Shaders\IndirectPS.hlsl">
      <Filter>シェーダファイル</Filter>
    </FxCompile>
    <FxCompile Include="Resources\Shaders\IndirectVS.hlsl">
      <Filter>シェーダファイル</Filter>
    </FxCompile>
    <FxCompile Include="Resources\Shaders\LineVS.hlsl">
      <Filter>シェーダファイル</Filter>
    </FxCompile>
    <FxCompile Include="Resources\Shaders\LinePS.hlsl">
      <Filter>シェーダファイル</Filter>
    </FxCompile>
    <FxCompile Include="Resources\Shaders\PlatePolyPS.hlsl">
      <Filter>シェーダファイル</Filter>
    </FxCompile>
    <FxCompile Include="Resources\Shaders\PlatePolyVS.hlsl">
      <Filter>シェーダファイル</Filter>
    </FxCompile>
    <FxCompile Include="Resources\Shaders\PointGS.hlsl">
      <Filter>シェーダファイル</Filter>
    </FxCompile>
    <FxCompile Include="Resources\Shaders\PointPS.hlsl">
      <Filter>シェーダファイル</Filter>
    </FxCompile>
    <FxCompile Include="Resources\Shaders\PointVS.hlsl">
      <Filter>シェーダファイル</Filter>
    </FxCompile>
  </ItemGroup>
  <ItemGroup>
    <ResourceCompile Include="NacamLibrary.rc">
      <Filter>リソース ファイル</Filter>
    </ResourceCompile>
  </ItemGroup>
  <ItemGroup>
    <Image Include="resources\textures\icon1.ico">
      <Filter>リソース ファイル</Filter>
    </Image>
    <Image Include="Resources\Textures\icon.ico">
      <Filter>リソース ファイル</Filter>
    </Image>
  </ItemGroup>
</Project>